
Microsoft Visual Studio Solution File, Format Version 12.00
# Visual Studio Version 16
VisualStudioVersion = 16.0.28803.352
MinimumVisualStudioVersion = 10.0.40219.1
Project("{FAE04EC0-301F-11D3-BF4B-00C04F79EFBC}") = "B2CAssist", "B2CAssist\B2CAssist.csproj", "{DF7A3EAC-3E48-4FA8-8FE6-BCB8E6BACCD6}"
EndProject
Global
	GlobalSection(SolutionConfigurationPlatforms) = preSolution
		Debug|Any CPU = Debug|Any CPU
		Release|Any CPU = Release|Any CPU
	EndGlobalSection
	GlobalSection(ProjectConfigurationPlatforms) = postSolution
		{DF7A3EAC-3E48-4FA8-8FE6-BCB8E6BACCD6}.Debug|Any CPU.ActiveCfg = Debug|Any CPU
		{DF7A3EAC-3E48-4FA8-8FE6-BCB8E6BACCD6}.Debug|Any CPU.Build.0 = Debug|Any CPU
		{DF7A3EAC-3E48-4FA8-8FE6-BCB8E6BACCD6}.Release|Any CPU.ActiveCfg = Release|Any CPU
		{DF7A3EAC-3E48-4FA8-8FE6-BCB8E6BACCD6}.Release|Any CPU.Build.0 = Release|Any CPU
	EndGlobalSection
	GlobalSection(SolutionProperties) = preSolution
		HideSolutionNode = FALSE
	EndGlobalSection
	GlobalSection(ExtensibilityGlobals) = postSolution
		SolutionGuid = {68EE84B7-5777-4FB5-AD76-70E88500FACC}
	EndGlobalSection
EndGlobal
